
Microsoft Visual Studio Solution File, Format Version 12.00
# Visual Studio Version 17
VisualStudioVersion = 17.11.35219.272
MinimumVisualStudioVersion = 10.0.40219.1
Project("{FAE04EC0-301F-11D3-BF4B-00C04F79EFBC}") = "KUI_TestServer", "KUI_TestServer\KUI_TestServer\KUI_TestServer.csproj", "{5FEABD99-D4A7-4773-9A55-329F91DA2E67}"
	ProjectSection(ProjectDependencies) = postProject
		{173F75E8-4710-4B51-8173-ECA5EF0201F1} = {173F75E8-4710-4B51-8173-ECA5EF0201F1}
	EndProjectSection
EndProject
Project("{FAE04EC0-301F-11D3-BF4B-00C04F79EFBC}") = "KUI_TestServer.Client", "KUI_TestServer\KUI_TestServer.Client\KUI_TestServer.Client.csproj", "{1968AA93-826A-48F4-8C35-01A8F74D0946}"
EndProject
Project("{FAE04EC0-301F-11D3-BF4B-00C04F79EFBC}") = "KUI", "KUI\KUI.csproj", "{173F75E8-4710-4B51-8173-ECA5EF0201F1}"
EndProject
Global
	GlobalSection(SolutionConfigurationPlatforms) = preSolution
		Debug|Any CPU = Debug|Any CPU
		Release|Any CPU = Release|Any CPU
	EndGlobalSection
	GlobalSection(ProjectConfigurationPlatforms) = postSolution
		{5FEABD99-D4A7-4773-9A55-329F91DA2E67}.Debug|Any CPU.ActiveCfg = Debug|Any CPU
		{5FEABD99-D4A7-4773-9A55-329F91DA2E67}.Debug|Any CPU.Build.0 = Debug|Any CPU
		{5FEABD99-D4A7-4773-9A55-329F91DA2E67}.Release|Any CPU.ActiveCfg = Release|Any CPU
		{5FEABD99-D4A7-4773-9A55-329F91DA2E67}.Release|Any CPU.Build.0 = Release|Any CPU
		{1968AA93-826A-48F4-8C35-01A8F74D0946}.Debug|Any CPU.ActiveCfg = Debug|Any CPU
		{1968AA93-826A-48F4-8C35-01A8F74D0946}.Debug|Any CPU.Build.0 = Debug|Any CPU
		{1968AA93-826A-48F4-8C35-01A8F74D0946}.Release|Any CPU.ActiveCfg = Release|Any CPU
		{1968AA93-826A-48F4-8C35-01A8F74D0946}.Release|Any CPU.Build.0 = Release|Any CPU
		{173F75E8-4710-4B51-8173-ECA5EF0201F1}.Debug|Any CPU.ActiveCfg = Debug|Any CPU
		{173F75E8-4710-4B51-8173-ECA5EF0201F1}.Debug|Any CPU.Build.0 = Debug|Any CPU
		{173F75E8-4710-4B51-8173-ECA5EF0201F1}.Release|Any CPU.ActiveCfg = Release|Any CPU
		{173F75E8-4710-4B51-8173-ECA5EF0201F1}.Release|Any CPU.Build.0 = Release|Any CPU
	EndGlobalSection
	GlobalSection(SolutionProperties) = preSolution
		HideSolutionNode = FALSE
	EndGlobalSection
	GlobalSection(ExtensibilityGlobals) = postSolution
		SolutionGuid = {83D58313-CE73-4924-BE62-90ADB8665DE9}
	EndGlobalSection
EndGlobal
